
Microsoft Visual Studio Solution File, Format Version 12.00
# Visual Studio Version 16
VisualStudioVersion = 25.0.1705.4
MinimumVisualStudioVersion = 10.0.40219.1
Project("{2150E333-8FDC-42A3-9474-1A3956D46DE8}") = "src", "src", "{63B4FF60-CDAF-4D76-B482-0587C3558750}"
EndProject
Project("{2150E333-8FDC-42A3-9474-1A3956D46DE8}") = "Application", "Application", "{0C84D0A0-42A1-4360-97D9-5BE3BBD04DA6}"
EndProject
Project("{2150E333-8FDC-42A3-9474-1A3956D46DE8}") = "Domain", "Domain", "{BB5B3AF0-B19A-4BB3-9DC5-B29A32744F95}"
EndProject
Project("{2150E333-8FDC-42A3-9474-1A3956D46DE8}") = "Infrastructure", "Infrastructure", "{58160B70-CF07-47B4-B246-7549117F78F0}"
EndProject
Project("{2150E333-8FDC-42A3-9474-1A3956D46DE8}") = "WebUI", "WebUI", "{8A2F1E71-EB56-4D81-ADC8-B19156442F07}"
EndProject
Project("{FAE04EC0-301F-11D3-BF4B-00C04F79EFBC}") = "BlogApp.Mvc", "src\WebUI\BlogApp.Mvc\BlogApp.Mvc.csproj", "{662ECA2F-D885-4DE8-96C3-E42EC9B73F80}"
EndProject
Project("{FAE04EC0-301F-11D3-BF4B-00C04F79EFBC}") = "BlogApp.Infrastructure", "src\Infrastructure\BlogApp.Infrastructure\BlogApp.Infrastructure.csproj", "{F2B94AB7-08FB-4E77-8202-4FAF0C4749D1}"
EndProject
Project("{FAE04EC0-301F-11D3-BF4B-00C04F79EFBC}") = "BlogApp.Entities", "src\Domain\BlogApp.Entities\BlogApp.Entities.csproj", "{663B22F2-F632-422C-86EF-431038C81A03}"
EndProject
Project("{FAE04EC0-301F-11D3-BF4B-00C04F79EFBC}") = "BlogApp.DataTransferObjects", "src\Application\BlogApp.DataTransferObjects\BlogApp.DataTransferObjects.csproj", "{324D12EB-EB63-48AB-BE07-2BA416A1CBDB}"
EndProject
Project("{FAE04EC0-301F-11D3-BF4B-00C04F79EFBC}") = "BlogApp.Services", "src\Application\BlogApp.Services\BlogApp.Services.csproj", "{1DD38BB7-5108-4E9E-9231-C402FC0E5507}"
EndProject
Project("{2150E333-8FDC-42A3-9474-1A3956D46DE8}") = "Core", "Core", "{977AECBD-0FB4-4E3C-8BF4-B6E5053C735F}"
EndProject
Project("{FAE04EC0-301F-11D3-BF4B-00C04F79EFBC}") = "BlogApp.Core", "src\Core\BlogApp.Core\BlogApp.Core.csproj", "{99CB3EF3-FF2A-4CF2-99AE-6290A266EEA0}"
EndProject
Global
	GlobalSection(SolutionConfigurationPlatforms) = preSolution
		Debug|Any CPU = Debug|Any CPU
		Release|Any CPU = Release|Any CPU
	EndGlobalSection
	GlobalSection(ProjectConfigurationPlatforms) = postSolution
		{662ECA2F-D885-4DE8-96C3-E42EC9B73F80}.Debug|Any CPU.ActiveCfg = Debug|Any CPU
		{662ECA2F-D885-4DE8-96C3-E42EC9B73F80}.Debug|Any CPU.Build.0 = Debug|Any CPU
		{662ECA2F-D885-4DE8-96C3-E42EC9B73F80}.Release|Any CPU.ActiveCfg = Release|Any CPU
		{662ECA2F-D885-4DE8-96C3-E42EC9B73F80}.Release|Any CPU.Build.0 = Release|Any CPU
		{F2B94AB7-08FB-4E77-8202-4FAF0C4749D1}.Debug|Any CPU.ActiveCfg = Debug|Any CPU
		{F2B94AB7-08FB-4E77-8202-4FAF0C4749D1}.Debug|Any CPU.Build.0 = Debug|Any CPU
		{F2B94AB7-08FB-4E77-8202-4FAF0C4749D1}.Release|Any CPU.ActiveCfg = Release|Any CPU
		{F2B94AB7-08FB-4E77-8202-4FAF0C4749D1}.Release|Any CPU.Build.0 = Release|Any CPU
		{663B22F2-F632-422C-86EF-431038C81A03}.Debug|Any CPU.ActiveCfg = Debug|Any CPU
		{663B22F2-F632-422C-86EF-431038C81A03}.Debug|Any CPU.Build.0 = Debug|Any CPU
		{663B22F2-F632-422C-86EF-431038C81A03}.Release|Any CPU.ActiveCfg = Release|Any CPU
		{663B22F2-F632-422C-86EF-431038C81A03}.Release|Any CPU.Build.0 = Release|Any CPU
		{324D12EB-EB63-48AB-BE07-2BA416A1CBDB}.Debug|Any CPU.ActiveCfg = Debug|Any CPU
		{324D12EB-EB63-48AB-BE07-2BA416A1CBDB}.Debug|Any CPU.Build.0 = Debug|Any CPU
		{324D12EB-EB63-48AB-BE07-2BA416A1CBDB}.Release|Any CPU.ActiveCfg = Release|Any CPU
		{324D12EB-EB63-48AB-BE07-2BA416A1CBDB}.Release|Any CPU.Build.0 = Release|Any CPU
		{1DD38BB7-5108-4E9E-9231-C402FC0E5507}.Debug|Any CPU.ActiveCfg = Debug|Any CPU
		{1DD38BB7-5108-4E9E-9231-C402FC0E5507}.Debug|Any CPU.Build.0 = Debug|Any CPU
		{1DD38BB7-5108-4E9E-9231-C402FC0E5507}.Release|Any CPU.ActiveCfg = Release|Any CPU
		{1DD38BB7-5108-4E9E-9231-C402FC0E5507}.Release|Any CPU.Build.0 = Release|Any CPU
		{99CB3EF3-FF2A-4CF2-99AE-6290A266EEA0}.Debug|Any CPU.ActiveCfg = Debug|Any CPU
		{99CB3EF3-FF2A-4CF2-99AE-6290A266EEA0}.Debug|Any CPU.Build.0 = Debug|Any CPU
		{99CB3EF3-FF2A-4CF2-99AE-6290A266EEA0}.Release|Any CPU.ActiveCfg = Release|Any CPU
		{99CB3EF3-FF2A-4CF2-99AE-6290A266EEA0}.Release|Any CPU.Build.0 = Release|Any CPU
	EndGlobalSection
	GlobalSection(SolutionProperties) = preSolution
		HideSolutionNode = FALSE
	EndGlobalSection
	GlobalSection(ExtensibilityGlobals) = postSolution
		SolutionGuid = {5D3135D7-F489-4114-A6E9-3ABD2747C7B2}
	EndGlobalSection
	GlobalSection(NestedProjects) = preSolution
		{0C84D0A0-42A1-4360-97D9-5BE3BBD04DA6} = {63B4FF60-CDAF-4D76-B482-0587C3558750}
		{BB5B3AF0-B19A-4BB3-9DC5-B29A32744F95} = {63B4FF60-CDAF-4D76-B482-0587C3558750}
		{58160B70-CF07-47B4-B246-7549117F78F0} = {63B4FF60-CDAF-4D76-B482-0587C3558750}
		{8A2F1E71-EB56-4D81-ADC8-B19156442F07} = {63B4FF60-CDAF-4D76-B482-0587C3558750}
		{662ECA2F-D885-4DE8-96C3-E42EC9B73F80} = {8A2F1E71-EB56-4D81-ADC8-B19156442F07}
		{F2B94AB7-08FB-4E77-8202-4FAF0C4749D1} = {58160B70-CF07-47B4-B246-7549117F78F0}
		{663B22F2-F632-422C-86EF-431038C81A03} = {BB5B3AF0-B19A-4BB3-9DC5-B29A32744F95}
		{324D12EB-EB63-48AB-BE07-2BA416A1CBDB} = {0C84D0A0-42A1-4360-97D9-5BE3BBD04DA6}
		{1DD38BB7-5108-4E9E-9231-C402FC0E5507} = {0C84D0A0-42A1-4360-97D9-5BE3BBD04DA6}
		{977AECBD-0FB4-4E3C-8BF4-B6E5053C735F} = {63B4FF60-CDAF-4D76-B482-0587C3558750}
		{99CB3EF3-FF2A-4CF2-99AE-6290A266EEA0} = {977AECBD-0FB4-4E3C-8BF4-B6E5053C735F}
	EndGlobalSection
EndGlobal
